
Microsoft Visual Studio Solution File, Format Version 12.00
# Visual Studio Version 17
VisualStudioVersion = 17.0.31903.59
MinimumVisualStudioVersion = 10.0.40219.1
Project("{FAE04EC0-301F-11D3-BF4B-00C04F79EFBC}") = "PlayerManager3", "PlayerManager3\PlayerManager3.csproj", "{963A22CB-2C36-4A3C-9187-2FD1A43DE1C6}"
EndProject
Project("{FAE04EC0-301F-11D3-BF4B-00C04F79EFBC}") = "StringCollections", "StringCollections\StringCollections.csproj", "{F192BE7C-BCC1-4DA6-8349-521E9F121DD8}"
EndProject
Project("{FAE04EC0-301F-11D3-BF4B-00C04F79EFBC}") = "PlayerManager4", "PlayerManager4\PlayerManager4.csproj", "{CA7A68FF-1E1C-4E75-855B-84BEF3D4FAC2}"
EndProject
Project("{FAE04EC0-301F-11D3-BF4B-00C04F79EFBC}") = "SamePlayer", "SamePlayer\SamePlayer.csproj", "{7D59BEE3-B823-4704-88F3-BEFCABD4B882}"
EndProject
Global
	GlobalSection(SolutionConfigurationPlatforms) = preSolution
		Debug|Any CPU = Debug|Any CPU
		Release|Any CPU = Release|Any CPU
	EndGlobalSection
	GlobalSection(SolutionProperties) = preSolution
		HideSolutionNode = FALSE
	EndGlobalSection
	GlobalSection(ProjectConfigurationPlatforms) = postSolution
		{963A22CB-2C36-4A3C-9187-2FD1A43DE1C6}.Debug|Any CPU.ActiveCfg = Debug|Any CPU
		{963A22CB-2C36-4A3C-9187-2FD1A43DE1C6}.Debug|Any CPU.Build.0 = Debug|Any CPU
		{963A22CB-2C36-4A3C-9187-2FD1A43DE1C6}.Release|Any CPU.ActiveCfg = Release|Any CPU
		{963A22CB-2C36-4A3C-9187-2FD1A43DE1C6}.Release|Any CPU.Build.0 = Release|Any CPU
		{F192BE7C-BCC1-4DA6-8349-521E9F121DD8}.Debug|Any CPU.ActiveCfg = Debug|Any CPU
		{F192BE7C-BCC1-4DA6-8349-521E9F121DD8}.Debug|Any CPU.Build.0 = Debug|Any CPU
		{F192BE7C-BCC1-4DA6-8349-521E9F121DD8}.Release|Any CPU.ActiveCfg = Release|Any CPU
		{F192BE7C-BCC1-4DA6-8349-521E9F121DD8}.Release|Any CPU.Build.0 = Release|Any CPU
		{CA7A68FF-1E1C-4E75-855B-84BEF3D4FAC2}.Debug|Any CPU.ActiveCfg = Debug|Any CPU
		{CA7A68FF-1E1C-4E75-855B-84BEF3D4FAC2}.Debug|Any CPU.Build.0 = Debug|Any CPU
		{CA7A68FF-1E1C-4E75-855B-84BEF3D4FAC2}.Release|Any CPU.ActiveCfg = Release|Any CPU
		{CA7A68FF-1E1C-4E75-855B-84BEF3D4FAC2}.Release|Any CPU.Build.0 = Release|Any CPU
		{7D59BEE3-B823-4704-88F3-BEFCABD4B882}.Debug|Any CPU.ActiveCfg = Debug|Any CPU
		{7D59BEE3-B823-4704-88F3-BEFCABD4B882}.Debug|Any CPU.Build.0 = Debug|Any CPU
		{7D59BEE3-B823-4704-88F3-BEFCABD4B882}.Release|Any CPU.ActiveCfg = Release|Any CPU
		{7D59BEE3-B823-4704-88F3-BEFCABD4B882}.Release|Any CPU.Build.0 = Release|Any CPU
	EndGlobalSection
EndGlobal
